
Microsoft Visual Studio Solution File, Format Version 12.00
# Visual Studio 15
VisualStudioVersion = 15.0.26124.0
MinimumVisualStudioVersion = 15.0.26124.0
Project("{2150E333-8FDC-42A3-9474-1A3956D46DE8}") = "src", "src", "{CB2B1218-38C0-4806-BDEB-9FB31C68263F}"
EndProject
Project("{FAE04EC0-301F-11D3-BF4B-00C04F79EFBC}") = "FoodStuffs.Model", "src\FoodStuffs.Model\FoodStuffs.Model.csproj", "{0C1BF77E-FA84-4D8B-BD87-A8E1DF137173}"
EndProject
Project("{FAE04EC0-301F-11D3-BF4B-00C04F79EFBC}") = "FoodStuffs.Web", "src\FoodStuffs.Web\FoodStuffs.Web.csproj", "{800D26BF-1B41-4F95-A7BB-CD76041AC05E}"
EndProject
Project("{2150E333-8FDC-42A3-9474-1A3956D46DE8}") = "tests", "tests", "{DD084288-7C6D-4799-BE49-84626B5A048E}"
EndProject
Project("{FAE04EC0-301F-11D3-BF4B-00C04F79EFBC}") = "FoodStuffs.Test", "tests\FoodStuffs.Test\FoodStuffs.Test.csproj", "{97421EDF-0900-4FF0-B368-EFB3775D4BFB}"
EndProject
Global
	GlobalSection(SolutionConfigurationPlatforms) = preSolution
		Debug|Any CPU = Debug|Any CPU
		Debug|x64 = Debug|x64
		Debug|x86 = Debug|x86
		Release|Any CPU = Release|Any CPU
		Release|x64 = Release|x64
		Release|x86 = Release|x86
	EndGlobalSection
	GlobalSection(SolutionProperties) = preSolution
		HideSolutionNode = FALSE
	EndGlobalSection
	GlobalSection(ProjectConfigurationPlatforms) = postSolution
		{0C1BF77E-FA84-4D8B-BD87-A8E1DF137173}.Debug|Any CPU.ActiveCfg = Debug|Any CPU
		{0C1BF77E-FA84-4D8B-BD87-A8E1DF137173}.Debug|Any CPU.Build.0 = Debug|Any CPU
		{0C1BF77E-FA84-4D8B-BD87-A8E1DF137173}.Debug|x64.ActiveCfg = Debug|Any CPU
		{0C1BF77E-FA84-4D8B-BD87-A8E1DF137173}.Debug|x64.Build.0 = Debug|Any CPU
		{0C1BF77E-FA84-4D8B-BD87-A8E1DF137173}.Debug|x86.ActiveCfg = Debug|Any CPU
		{0C1BF77E-FA84-4D8B-BD87-A8E1DF137173}.Debug|x86.Build.0 = Debug|Any CPU
		{0C1BF77E-FA84-4D8B-BD87-A8E1DF137173}.Release|Any CPU.ActiveCfg = Release|Any CPU
		{0C1BF77E-FA84-4D8B-BD87-A8E1DF137173}.Release|Any CPU.Build.0 = Release|Any CPU
		{0C1BF77E-FA84-4D8B-BD87-A8E1DF137173}.Release|x64.ActiveCfg = Release|Any CPU
		{0C1BF77E-FA84-4D8B-BD87-A8E1DF137173}.Release|x64.Build.0 = Release|Any CPU
		{0C1BF77E-FA84-4D8B-BD87-A8E1DF137173}.Release|x86.ActiveCfg = Release|Any CPU
		{0C1BF77E-FA84-4D8B-BD87-A8E1DF137173}.Release|x86.Build.0 = Release|Any CPU
		{800D26BF-1B41-4F95-A7BB-CD76041AC05E}.Debug|Any CPU.ActiveCfg = Debug|Any CPU
		{800D26BF-1B41-4F95-A7BB-CD76041AC05E}.Debug|Any CPU.Build.0 = Debug|Any CPU
		{800D26BF-1B41-4F95-A7BB-CD76041AC05E}.Debug|x64.ActiveCfg = Debug|Any CPU
		{800D26BF-1B41-4F95-A7BB-CD76041AC05E}.Debug|x64.Build.0 = Debug|Any CPU
		{800D26BF-1B41-4F95-A7BB-CD76041AC05E}.Debug|x86.ActiveCfg = Debug|Any CPU
		{800D26BF-1B41-4F95-A7BB-CD76041AC05E}.Debug|x86.Build.0 = Debug|Any CPU
		{800D26BF-1B41-4F95-A7BB-CD76041AC05E}.Release|Any CPU.ActiveCfg = Release|Any CPU
		{800D26BF-1B41-4F95-A7BB-CD76041AC05E}.Release|Any CPU.Build.0 = Release|Any CPU
		{800D26BF-1B41-4F95-A7BB-CD76041AC05E}.Release|x64.ActiveCfg = Release|Any CPU
		{800D26BF-1B41-4F95-A7BB-CD76041AC05E}.Release|x64.Build.0 = Release|Any CPU
		{800D26BF-1B41-4F95-A7BB-CD76041AC05E}.Release|x86.ActiveCfg = Release|Any CPU
		{800D26BF-1B41-4F95-A7BB-CD76041AC05E}.Release|x86.Build.0 = Release|Any CPU
		{97421EDF-0900-4FF0-B368-EFB3775D4BFB}.Debug|Any CPU.ActiveCfg = Debug|Any CPU
		{97421EDF-0900-4FF0-B368-EFB3775D4BFB}.Debug|Any CPU.Build.0 = Debug|Any CPU
		{97421EDF-0900-4FF0-B368-EFB3775D4BFB}.Debug|x64.ActiveCfg = Debug|Any CPU
		{97421EDF-0900-4FF0-B368-EFB3775D4BFB}.Debug|x64.Build.0 = Debug|Any CPU
		{97421EDF-0900-4FF0-B368-EFB3775D4BFB}.Debug|x86.ActiveCfg = Debug|Any CPU
		{97421EDF-0900-4FF0-B368-EFB3775D4BFB}.Debug|x86.Build.0 = Debug|Any CPU
		{97421EDF-0900-4FF0-B368-EFB3775D4BFB}.Release|Any CPU.ActiveCfg = Release|Any CPU
		{97421EDF-0900-4FF0-B368-EFB3775D4BFB}.Release|Any CPU.Build.0 = Release|Any CPU
		{97421EDF-0900-4FF0-B368-EFB3775D4BFB}.Release|x64.ActiveCfg = Release|Any CPU
		{97421EDF-0900-4FF0-B368-EFB3775D4BFB}.Release|x64.Build.0 = Release|Any CPU
		{97421EDF-0900-4FF0-B368-EFB3775D4BFB}.Release|x86.ActiveCfg = Release|Any CPU
		{97421EDF-0900-4FF0-B368-EFB3775D4BFB}.Release|x86.Build.0 = Release|Any CPU
	EndGlobalSection
	GlobalSection(NestedProjects) = preSolution
		{0C1BF77E-FA84-4D8B-BD87-A8E1DF137173} = {CB2B1218-38C0-4806-BDEB-9FB31C68263F}
		{800D26BF-1B41-4F95-A7BB-CD76041AC05E} = {CB2B1218-38C0-4806-BDEB-9FB31C68263F}
		{97421EDF-0900-4FF0-B368-EFB3775D4BFB} = {DD084288-7C6D-4799-BE49-84626B5A048E}
	EndGlobalSection
EndGlobal
