
Microsoft Visual Studio Solution File, Format Version 12.00
# Visual Studio 15
VisualStudioVersion = 15.0.26124.0
MinimumVisualStudioVersion = 15.0.26124.0
Project("{FAE04EC0-301F-11D3-BF4B-00C04F79EFBC}") = "FoodStuffs.Model", "FoodStuffs.Model\FoodStuffs.Model.csproj", "{B9C7EEB7-4F98-43C5-9EB5-89684E07211E}"
EndProject
Project("{FAE04EC0-301F-11D3-BF4B-00C04F79EFBC}") = "FoodStuffs.Test", "FoodStuffs.Test\FoodStuffs.Test.csproj", "{D12802C4-62D5-4E85-AA11-07518ADBE466}"
EndProject
Project("{FAE04EC0-301F-11D3-BF4B-00C04F79EFBC}") = "FoodStuffs.Web", "FoodStuffs.Web\FoodStuffs.Web.csproj", "{21FC932B-2A99-46AA-96F7-327781D09214}"
EndProject
Global
	GlobalSection(SolutionConfigurationPlatforms) = preSolution
		Debug|Any CPU = Debug|Any CPU
		Debug|x64 = Debug|x64
		Debug|x86 = Debug|x86
		Release|Any CPU = Release|Any CPU
		Release|x64 = Release|x64
		Release|x86 = Release|x86
	EndGlobalSection
	GlobalSection(SolutionProperties) = preSolution
		HideSolutionNode = FALSE
	EndGlobalSection
	GlobalSection(ProjectConfigurationPlatforms) = postSolution
		{B9C7EEB7-4F98-43C5-9EB5-89684E07211E}.Debug|Any CPU.ActiveCfg = Debug|Any CPU
		{B9C7EEB7-4F98-43C5-9EB5-89684E07211E}.Debug|Any CPU.Build.0 = Debug|Any CPU
		{B9C7EEB7-4F98-43C5-9EB5-89684E07211E}.Debug|x64.ActiveCfg = Debug|Any CPU
		{B9C7EEB7-4F98-43C5-9EB5-89684E07211E}.Debug|x64.Build.0 = Debug|Any CPU
		{B9C7EEB7-4F98-43C5-9EB5-89684E07211E}.Debug|x86.ActiveCfg = Debug|Any CPU
		{B9C7EEB7-4F98-43C5-9EB5-89684E07211E}.Debug|x86.Build.0 = Debug|Any CPU
		{B9C7EEB7-4F98-43C5-9EB5-89684E07211E}.Release|Any CPU.ActiveCfg = Release|Any CPU
		{B9C7EEB7-4F98-43C5-9EB5-89684E07211E}.Release|Any CPU.Build.0 = Release|Any CPU
		{B9C7EEB7-4F98-43C5-9EB5-89684E07211E}.Release|x64.ActiveCfg = Release|Any CPU
		{B9C7EEB7-4F98-43C5-9EB5-89684E07211E}.Release|x64.Build.0 = Release|Any CPU
		{B9C7EEB7-4F98-43C5-9EB5-89684E07211E}.Release|x86.ActiveCfg = Release|Any CPU
		{B9C7EEB7-4F98-43C5-9EB5-89684E07211E}.Release|x86.Build.0 = Release|Any CPU
		{D12802C4-62D5-4E85-AA11-07518ADBE466}.Debug|Any CPU.ActiveCfg = Debug|Any CPU
		{D12802C4-62D5-4E85-AA11-07518ADBE466}.Debug|Any CPU.Build.0 = Debug|Any CPU
		{D12802C4-62D5-4E85-AA11-07518ADBE466}.Debug|x64.ActiveCfg = Debug|Any CPU
		{D12802C4-62D5-4E85-AA11-07518ADBE466}.Debug|x64.Build.0 = Debug|Any CPU
		{D12802C4-62D5-4E85-AA11-07518ADBE466}.Debug|x86.ActiveCfg = Debug|Any CPU
		{D12802C4-62D5-4E85-AA11-07518ADBE466}.Debug|x86.Build.0 = Debug|Any CPU
		{D12802C4-62D5-4E85-AA11-07518ADBE466}.Release|Any CPU.ActiveCfg = Release|Any CPU
		{D12802C4-62D5-4E85-AA11-07518ADBE466}.Release|Any CPU.Build.0 = Release|Any CPU
		{D12802C4-62D5-4E85-AA11-07518ADBE466}.Release|x64.ActiveCfg = Release|Any CPU
		{D12802C4-62D5-4E85-AA11-07518ADBE466}.Release|x64.Build.0 = Release|Any CPU
		{D12802C4-62D5-4E85-AA11-07518ADBE466}.Release|x86.ActiveCfg = Release|Any CPU
		{D12802C4-62D5-4E85-AA11-07518ADBE466}.Release|x86.Build.0 = Release|Any CPU
		{21FC932B-2A99-46AA-96F7-327781D09214}.Debug|Any CPU.ActiveCfg = Debug|Any CPU
		{21FC932B-2A99-46AA-96F7-327781D09214}.Debug|Any CPU.Build.0 = Debug|Any CPU
		{21FC932B-2A99-46AA-96F7-327781D09214}.Debug|x64.ActiveCfg = Debug|Any CPU
		{21FC932B-2A99-46AA-96F7-327781D09214}.Debug|x64.Build.0 = Debug|Any CPU
		{21FC932B-2A99-46AA-96F7-327781D09214}.Debug|x86.ActiveCfg = Debug|Any CPU
		{21FC932B-2A99-46AA-96F7-327781D09214}.Debug|x86.Build.0 = Debug|Any CPU
		{21FC932B-2A99-46AA-96F7-327781D09214}.Release|Any CPU.ActiveCfg = Release|Any CPU
		{21FC932B-2A99-46AA-96F7-327781D09214}.Release|Any CPU.Build.0 = Release|Any CPU
		{21FC932B-2A99-46AA-96F7-327781D09214}.Release|x64.ActiveCfg = Release|Any CPU
		{21FC932B-2A99-46AA-96F7-327781D09214}.Release|x64.Build.0 = Release|Any CPU
		{21FC932B-2A99-46AA-96F7-327781D09214}.Release|x86.ActiveCfg = Release|Any CPU
		{21FC932B-2A99-46AA-96F7-327781D09214}.Release|x86.Build.0 = Release|Any CPU
	EndGlobalSection
EndGlobal
