<Solution>
  <Folder Name="/analyzers/">
    <Project Path="analyzers/VoidCore.Analyzers/VoidCore.Analyzers.csproj" />
  </Folder>
  <Folder Name="/src/">
    <Project Path="src/FoodStuffs.Model/FoodStuffs.Model.csproj" />
    <Project Path="src/FoodStuffs.Web/FoodStuffs.Web.csproj" />
  </Folder>
  <Folder Name="/tests/">
    <Project Path="tests/FoodStuffs.Test/FoodStuffs.Test.csproj" />
  </Folder>
</Solution>
