{
  "name": "FoodStuffs",
  "lockfileVersion": 2,
  "requires": true,
  "packages": {
    "": {
      "devDependencies": {
        "@types/bootstrap": "^5.1.12"
      }
    },
    "node_modules/@popperjs/core": {
      "version": "2.11.5",
      "resolved": "https://registry.npmjs.org/@popperjs/core/-/core-2.11.5.tgz",
      "integrity": "sha512-9X2obfABZuDVLCgPK9aX0a/x4jaOEweTTWE2+9sr0Qqqevj2Uv5XorvusThmc9XGYpS9yI+fhh8RTafBtGposw==",
      "dev": true,
      "funding": {
        "type": "opencollective",
        "url": "https://opencollective.com/popperjs"
      }
    },
    "node_modules/@types/bootstrap": {
      "version": "5.1.12",
      "resolved": "https://registry.npmjs.org/@types/bootstrap/-/bootstrap-5.1.12.tgz",
      "integrity": "sha512-pSS5BGEgepwzdbsBGswBWFmgrnYpp7c4UfuYe1FJWwkrcjm/JVwfG4gBkOYtd92Otd3RdJK0ByBWMkBROfLEPw==",
      "dev": true,
      "dependencies": {
        "@popperjs/core": "^2.9.2"
      }
    }
  },
  "dependencies": {
    "@popperjs/core": {
      "version": "2.11.5",
      "resolved": "https://registry.npmjs.org/@popperjs/core/-/core-2.11.5.tgz",
      "integrity": "sha512-9X2obfABZuDVLCgPK9aX0a/x4jaOEweTTWE2+9sr0Qqqevj2Uv5XorvusThmc9XGYpS9yI+fhh8RTafBtGposw==",
      "dev": true
    },
    "@types/bootstrap": {
      "version": "5.1.12",
      "resolved": "https://registry.npmjs.org/@types/bootstrap/-/bootstrap-5.1.12.tgz",
      "integrity": "sha512-pSS5BGEgepwzdbsBGswBWFmgrnYpp7c4UfuYe1FJWwkrcjm/JVwfG4gBkOYtd92Otd3RdJK0ByBWMkBROfLEPw==",
      "dev": true,
      "requires": {
        "@popperjs/core": "^2.9.2"
      }
    }
  }
}
